# generated by rye
# use `rye lock` or `rye sync` to update this lockfile
#
# last locked with the following flags:
#   pre: false
#   features: []
#   all-features: false
#   with-sources: false
#   generate-hashes: false
#   universal: false

-e file:.
accelerate==1.0.1
    # via entropix-smollm
anyio==4.6.2.post1
    # via httpx
    # via jupyter-server
appnope==0.1.4
    # via ipykernel
argon2-cffi==23.1.0
    # via jupyter-server
argon2-cffi-bindings==21.2.0
    # via argon2-cffi
arrow==1.3.0
    # via isoduration
asttokens==2.4.1
    # via stack-data
async-lru==2.0.4
    # via jupyterlab
attrs==24.2.0
    # via jsonschema
    # via referencing
babel==2.16.0
    # via jupyterlab-server
beautifulsoup4==4.12.3
    # via nbconvert
bleach==6.1.0
    # via nbconvert
blobfile==3.0.0
    # via entropix-smollm
certifi==2024.8.30
    # via httpcore
    # via httpx
    # via requests
cffi==1.17.1
    # via argon2-cffi-bindings
charset-normalizer==3.4.0
    # via requests
comm==0.2.2
    # via ipykernel
    # via ipywidgets
contourpy==1.3.0
    # via matplotlib
cycler==0.12.1
    # via matplotlib
debugpy==1.8.7
    # via ipykernel
decorator==5.1.1
    # via ipython
defusedxml==0.7.1
    # via nbconvert
executing==2.1.0
    # via stack-data
fastjsonschema==2.20.0
    # via nbformat
filelock==3.16.1
    # via blobfile
    # via huggingface-hub
    # via torch
    # via transformers
fonttools==4.54.1
    # via matplotlib
fqdn==1.5.1
    # via jsonschema
fsspec==2024.10.0
    # via huggingface-hub
    # via torch
h11==0.14.0
    # via httpcore
httpcore==1.0.6
    # via httpx
httpx==0.27.2
    # via jupyterlab
huggingface-hub==0.26.1
    # via accelerate
    # via tokenizers
    # via transformers
idna==3.10
    # via anyio
    # via httpx
    # via jsonschema
    # via requests
ipykernel==6.29.5
    # via jupyter
    # via jupyter-console
    # via jupyterlab
ipython==8.28.0
    # via ipykernel
    # via ipywidgets
    # via jupyter-console
ipywidgets==8.1.5
    # via jupyter
isoduration==20.11.0
    # via jsonschema
jax==0.4.35
    # via entropix-smollm
jaxlib==0.4.35
    # via jax
jedi==0.19.1
    # via ipython
jinja2==3.1.4
    # via jupyter-server
    # via jupyterlab
    # via jupyterlab-server
    # via nbconvert
    # via torch
json5==0.9.25
    # via jupyterlab-server
jsonpointer==3.0.0
    # via jsonschema
jsonschema==4.23.0
    # via jupyter-events
    # via jupyterlab-server
    # via nbformat
jsonschema-specifications==2024.10.1
    # via jsonschema
jupyter==1.1.1
    # via entropix-smollm
jupyter-client==8.6.3
    # via ipykernel
    # via jupyter-console
    # via jupyter-server
    # via nbclient
jupyter-console==6.6.3
    # via jupyter
jupyter-core==5.7.2
    # via ipykernel
    # via jupyter-client
    # via jupyter-console
    # via jupyter-server
    # via jupyterlab
    # via nbclient
    # via nbconvert
    # via nbformat
jupyter-events==0.10.0
    # via jupyter-server
jupyter-lsp==2.2.5
    # via jupyterlab
jupyter-server==2.14.2
    # via jupyter-lsp
    # via jupyterlab
    # via jupyterlab-server
    # via notebook
    # via notebook-shim
jupyter-server-terminals==0.5.3
    # via jupyter-server
jupyterlab==4.2.5
    # via jupyter
    # via notebook
jupyterlab-pygments==0.3.0
    # via nbconvert
jupyterlab-server==2.27.3
    # via jupyterlab
    # via notebook
jupyterlab-widgets==3.0.13
    # via ipywidgets
kiwisolver==1.4.7
    # via matplotlib
lxml==5.3.0
    # via blobfile
markupsafe==3.0.2
    # via jinja2
    # via nbconvert
matplotlib==3.9.2
    # via entropix-smollm
matplotlib-inline==0.1.7
    # via ipykernel
    # via ipython
mistune==3.0.2
    # via nbconvert
ml-dtypes==0.5.0
    # via entropix-smollm
    # via jax
    # via jaxlib
mpmath==1.3.0
    # via sympy
nbclient==0.10.0
    # via nbconvert
nbconvert==7.16.4
    # via jupyter
    # via jupyter-server
nbformat==5.10.4
    # via jupyter-server
    # via nbclient
    # via nbconvert
nest-asyncio==1.6.0
    # via ipykernel
networkx==3.4.2
    # via torch
notebook==7.2.2
    # via jupyter
notebook-shim==0.2.4
    # via jupyterlab
    # via notebook
numpy==2.1.2
    # via accelerate
    # via contourpy
    # via entropix-smollm
    # via jax
    # via jaxlib
    # via matplotlib
    # via ml-dtypes
    # via scipy
    # via transformers
opt-einsum==3.4.0
    # via jax
overrides==7.7.0
    # via jupyter-server
packaging==24.1
    # via accelerate
    # via huggingface-hub
    # via ipykernel
    # via jupyter-server
    # via jupyterlab
    # via jupyterlab-server
    # via matplotlib
    # via nbconvert
    # via plotly
    # via transformers
pandocfilters==1.5.1
    # via nbconvert
parso==0.8.4
    # via jedi
pexpect==4.9.0
    # via ipython
pillow==11.0.0
    # via matplotlib
platformdirs==4.3.6
    # via jupyter-core
plotly==5.24.1
    # via entropix-smollm
prometheus-client==0.21.0
    # via jupyter-server
prompt-toolkit==3.0.48
    # via ipython
    # via jupyter-console
psutil==6.1.0
    # via accelerate
    # via ipykernel
ptyprocess==0.7.0
    # via pexpect
    # via terminado
pure-eval==0.2.3
    # via stack-data
pycparser==2.22
    # via cffi
pycryptodomex==3.21.0
    # via blobfile
pygments==2.18.0
    # via ipython
    # via jupyter-console
    # via nbconvert
pyparsing==3.2.0
    # via matplotlib
python-dateutil==2.9.0.post0
    # via arrow
    # via jupyter-client
    # via matplotlib
python-json-logger==2.0.7
    # via jupyter-events
pyyaml==6.0.2
    # via accelerate
    # via huggingface-hub
    # via jupyter-events
    # via transformers
pyzmq==26.2.0
    # via ipykernel
    # via jupyter-client
    # via jupyter-console
    # via jupyter-server
referencing==0.35.1
    # via jsonschema
    # via jsonschema-specifications
    # via jupyter-events
regex==2024.9.11
    # via tiktoken
    # via transformers
requests==2.32.3
    # via huggingface-hub
    # via jupyterlab-server
    # via tiktoken
    # via transformers
rfc3339-validator==0.1.4
    # via jsonschema
    # via jupyter-events
rfc3986-validator==0.1.1
    # via jsonschema
    # via jupyter-events
rpds-py==0.20.0
    # via jsonschema
    # via referencing
safetensors==0.4.5
    # via accelerate
    # via transformers
scipy==1.14.1
    # via jax
    # via jaxlib
send2trash==1.8.3
    # via jupyter-server
setuptools==75.2.0
    # via jupyterlab
    # via torch
six==1.16.0
    # via asttokens
    # via bleach
    # via python-dateutil
    # via rfc3339-validator
sniffio==1.3.1
    # via anyio
    # via httpx
soupsieve==2.6
    # via beautifulsoup4
stack-data==0.6.3
    # via ipython
sympy==1.13.1
    # via torch
tenacity==9.0.0
    # via plotly
terminado==0.18.1
    # via jupyter-server
    # via jupyter-server-terminals
tiktoken==0.8.0
    # via entropix-smollm
tinycss2==1.3.0
    # via nbconvert
tokenizers==0.20.1
    # via transformers
torch==2.5.0
    # via accelerate
    # via entropix-smollm
tornado==6.4.1
    # via ipykernel
    # via jupyter-client
    # via jupyter-server
    # via jupyterlab
    # via notebook
    # via terminado
tqdm==4.66.5
    # via huggingface-hub
    # via transformers
traitlets==5.14.3
    # via comm
    # via ipykernel
    # via ipython
    # via ipywidgets
    # via jupyter-client
    # via jupyter-console
    # via jupyter-core
    # via jupyter-events
    # via jupyter-server
    # via jupyterlab
    # via matplotlib-inline
    # via nbclient
    # via nbconvert
    # via nbformat
transformers==4.45.2
    # via entropix-smollm
types-python-dateutil==2.9.0.20241003
    # via arrow
typing-extensions==4.12.2
    # via huggingface-hub
    # via torch
uri-template==1.3.0
    # via jsonschema
urllib3==2.2.3
    # via blobfile
    # via requests
wcwidth==0.2.13
    # via prompt-toolkit
webcolors==24.8.0
    # via jsonschema
webencodings==0.5.1
    # via bleach
    # via tinycss2
websocket-client==1.8.0
    # via jupyter-server
widgetsnbextension==4.0.13
    # via ipywidgets
